
Microsoft Visual Studio Solution File, Format Version 12.00
# Visual Studio Version 16
VisualStudioVersion = 16.0.30907.101
MinimumVisualStudioVersion = 10.0.40219.1
Project("{FAE04EC0-301F-11D3-BF4B-00C04F79EFBC}") = "GestaoDeHoras", "GestaoDeHoras\GestaoDeHoras.csproj", "{D74A1342-FED7-497E-AF3A-E58A9328D023}"
EndProject
Project("{FAE04EC0-301F-11D3-BF4B-00C04F79EFBC}") = "DataAccessLayer", "DataAccessLayer\DataAccessLayer.csproj", "{11FCBCD5-C97C-4508-8464-5DA5D4EE73F1}"
EndProject
Global
	GlobalSection(SolutionConfigurationPlatforms) = preSolution
		Debug|Any CPU = Debug|Any CPU
		Release|Any CPU = Release|Any CPU
	EndGlobalSection
	GlobalSection(ProjectConfigurationPlatforms) = postSolution
		{D74A1342-FED7-497E-AF3A-E58A9328D023}.Debug|Any CPU.ActiveCfg = Debug|Any CPU
		{D74A1342-FED7-497E-AF3A-E58A9328D023}.Debug|Any CPU.Build.0 = Debug|Any CPU
		{D74A1342-FED7-497E-AF3A-E58A9328D023}.Release|Any CPU.ActiveCfg = Release|Any CPU
		{D74A1342-FED7-497E-AF3A-E58A9328D023}.Release|Any CPU.Build.0 = Release|Any CPU
		{11FCBCD5-C97C-4508-8464-5DA5D4EE73F1}.Debug|Any CPU.ActiveCfg = Debug|Any CPU
		{11FCBCD5-C97C-4508-8464-5DA5D4EE73F1}.Debug|Any CPU.Build.0 = Debug|Any CPU
		{11FCBCD5-C97C-4508-8464-5DA5D4EE73F1}.Release|Any CPU.ActiveCfg = Release|Any CPU
		{11FCBCD5-C97C-4508-8464-5DA5D4EE73F1}.Release|Any CPU.Build.0 = Release|Any CPU
	EndGlobalSection
	GlobalSection(SolutionProperties) = preSolution
		HideSolutionNode = FALSE
	EndGlobalSection
	GlobalSection(ExtensibilityGlobals) = postSolution
		SolutionGuid = {0F7B6C70-C5EE-4201-9E12-E893097D2934}
	EndGlobalSection
EndGlobal
